// !$*UTF8*$!
{
	archiveVersion = 1;
	classes = {
	};
	objectVersion = 56;
	objects = {

/* Begin PBXBuildFile section */
		D59BB35C29AEED7900712C13 /* LocationSearchViewModel.swift in Sources */ = {isa = PBXBuildFile; fileRef = D59BB35B29AEED7900712C13 /* LocationSearchViewModel.swift */; };
		D5E4193429ADF09B0077C16C /* Uber_SwiftUI_AppApp.swift in Sources */ = {isa = PBXBuildFile; fileRef = D5E4193329ADF09B0077C16C /* Uber_SwiftUI_AppApp.swift */; };
		D5E4193829ADF09C0077C16C /* Assets.xcassets in Resources */ = {isa = PBXBuildFile; fileRef = D5E4193729ADF09C0077C16C /* Assets.xcassets */; };
		D5E4193B29ADF09C0077C16C /* Preview Assets.xcassets in Resources */ = {isa = PBXBuildFile; fileRef = D5E4193A29ADF09C0077C16C /* Preview Assets.xcassets */; };
		D5E4194B29ADF1130077C16C /* HomeView.swift in Sources */ = {isa = PBXBuildFile; fileRef = D5E4194A29ADF1130077C16C /* HomeView.swift */; };
		D5E4194D29ADF1670077C16C /* UberMapViewRepresentable.swift in Sources */ = {isa = PBXBuildFile; fileRef = D5E4194C29ADF1670077C16C /* UberMapViewRepresentable.swift */; };
		D5E4194F29ADF3430077C16C /* LocationManager.swift in Sources */ = {isa = PBXBuildFile; fileRef = D5E4194E29ADF3430077C16C /* LocationManager.swift */; };
		D5E4195629ADFDD30077C16C /* LocationSearchActivationView.swift in Sources */ = {isa = PBXBuildFile; fileRef = D5E4195529ADFDD30077C16C /* LocationSearchActivationView.swift */; };
		D5E4195829ADFF690077C16C /* MapViewActionButton.swift in Sources */ = {isa = PBXBuildFile; fileRef = D5E4195729ADFF690077C16C /* MapViewActionButton.swift */; };
		D5E4195A29AE005B0077C16C /* LocationSearchView.swift in Sources */ = {isa = PBXBuildFile; fileRef = D5E4195929AE005B0077C16C /* LocationSearchView.swift */; };
		D5E4195C29AE03210077C16C /* LocationSearchResultCell.swift in Sources */ = {isa = PBXBuildFile; fileRef = D5E4195B29AE03210077C16C /* LocationSearchResultCell.swift */; };
/* End PBXBuildFile section */

/* Begin PBXFileReference section */
		D59BB35B29AEED7900712C13 /* LocationSearchViewModel.swift */ = {isa = PBXFileReference; lastKnownFileType = sourcecode.swift; path = LocationSearchViewModel.swift; sourceTree = "<group>"; };
		D5E4193029ADF09B0077C16C /* Uber SwiftUI App.app */ = {isa = PBXFileReference; explicitFileType = wrapper.application; includeInIndex = 0; path = "Uber SwiftUI App.app"; sourceTree = BUILT_PRODUCTS_DIR; };
		D5E4193329ADF09B0077C16C /* Uber_SwiftUI_AppApp.swift */ = {isa = PBXFileReference; lastKnownFileType = sourcecode.swift; path = Uber_SwiftUI_AppApp.swift; sourceTree = "<group>"; };
		D5E4193729ADF09C0077C16C /* Assets.xcassets */ = {isa = PBXFileReference; lastKnownFileType = folder.assetcatalog; path = Assets.xcassets; sourceTree = "<group>"; };
		D5E4193A29ADF09C0077C16C /* Preview Assets.xcassets */ = {isa = PBXFileReference; lastKnownFileType = folder.assetcatalog; path = "Preview Assets.xcassets"; sourceTree = "<group>"; };
		D5E4194A29ADF1130077C16C /* HomeView.swift */ = {isa = PBXFileReference; lastKnownFileType = sourcecode.swift; path = HomeView.swift; sourceTree = "<group>"; };
		D5E4194C29ADF1670077C16C /* UberMapViewRepresentable.swift */ = {isa = PBXFileReference; lastKnownFileType = sourcecode.swift; path = UberMapViewRepresentable.swift; sourceTree = "<group>"; };
		D5E4194E29ADF3430077C16C /* LocationManager.swift */ = {isa = PBXFileReference; lastKnownFileType = sourcecode.swift; path = LocationManager.swift; sourceTree = "<group>"; };
		D5E4195029ADF4810077C16C /* Uber-SwiftUI-App-Info.plist */ = {isa = PBXFileReference; lastKnownFileType = text.plist; path = "Uber-SwiftUI-App-Info.plist"; sourceTree = SOURCE_ROOT; };
		D5E4195529ADFDD30077C16C /* LocationSearchActivationView.swift */ = {isa = PBXFileReference; lastKnownFileType = sourcecode.swift; path = LocationSearchActivationView.swift; sourceTree = "<group>"; };
		D5E4195729ADFF690077C16C /* MapViewActionButton.swift */ = {isa = PBXFileReference; lastKnownFileType = sourcecode.swift; path = MapViewActionButton.swift; sourceTree = "<group>"; };
		D5E4195929AE005B0077C16C /* LocationSearchView.swift */ = {isa = PBXFileReference; lastKnownFileType = sourcecode.swift; path = LocationSearchView.swift; sourceTree = "<group>"; };
		D5E4195B29AE03210077C16C /* LocationSearchResultCell.swift */ = {isa = PBXFileReference; lastKnownFileType = sourcecode.swift; path = LocationSearchResultCell.swift; sourceTree = "<group>"; };
/* End PBXFileReference section */

/* Begin PBXFrameworksBuildPhase section */
		D5E4192D29ADF09B0077C16C /* Frameworks */ = {
			isa = PBXFrameworksBuildPhase;
			buildActionMask = 2147483647;
			files = (
			);
			runOnlyForDeploymentPostprocessing = 0;
		};
/* End PBXFrameworksBuildPhase section */

/* Begin PBXGroup section */
		D5E4192729ADF09B0077C16C = {
			isa = PBXGroup;
			children = (
				D5E4193229ADF09B0077C16C /* Uber SwiftUI App */,
				D5E4193129ADF09B0077C16C /* Products */,
			);
			sourceTree = "<group>";
		};
		D5E4193129ADF09B0077C16C /* Products */ = {
			isa = PBXGroup;
			children = (
				D5E4193029ADF09B0077C16C /* Uber SwiftUI App.app */,
			);
			name = Products;
			sourceTree = "<group>";
		};
		D5E4193229ADF09B0077C16C /* Uber SwiftUI App */ = {
			isa = PBXGroup;
			children = (
				D5E4195029ADF4810077C16C /* Uber-SwiftUI-App-Info.plist */,
				D5E4194529ADF0CB0077C16C /* App */,
				D5E4194429ADF0C80077C16C /* Core */,
				D5E4194329ADF0C30077C16C /* Extensions */,
				D5E4194229ADF0C10077C16C /* Managers */,
				D5E4194129ADF0B20077C16C /* Models */,
				D5E4193729ADF09C0077C16C /* Assets.xcassets */,
				D5E4193929ADF09C0077C16C /* Preview Content */,
			);
			path = "Uber SwiftUI App";
			sourceTree = "<group>";
		};
		D5E4193929ADF09C0077C16C /* Preview Content */ = {
			isa = PBXGroup;
			children = (
				D5E4193A29ADF09C0077C16C /* Preview Assets.xcassets */,
			);
			path = "Preview Content";
			sourceTree = "<group>";
		};
		D5E4194129ADF0B20077C16C /* Models */ = {
			isa = PBXGroup;
			children = (
			);
			path = Models;
			sourceTree = "<group>";
		};
		D5E4194229ADF0C10077C16C /* Managers */ = {
			isa = PBXGroup;
			children = (
				D5E4194E29ADF3430077C16C /* LocationManager.swift */,
			);
			path = Managers;
			sourceTree = "<group>";
		};
		D5E4194329ADF0C30077C16C /* Extensions */ = {
			isa = PBXGroup;
			children = (
			);
			path = Extensions;
			sourceTree = "<group>";
		};
		D5E4194429ADF0C80077C16C /* Core */ = {
			isa = PBXGroup;
			children = (
				D5E4195229ADFDBA0077C16C /* LocationSearch */,
				D5E4195129ADFDA30077C16C /* Home */,
			);
			path = Core;
			sourceTree = "<group>";
		};
		D5E4194529ADF0CB0077C16C /* App */ = {
			isa = PBXGroup;
			children = (
				D5E4193329ADF09B0077C16C /* Uber_SwiftUI_AppApp.swift */,
			);
			path = App;
			sourceTree = "<group>";
		};
		D5E4194629ADF0E70077C16C /* ViewModel */ = {
			isa = PBXGroup;
			children = (
			);
			path = ViewModel;
			sourceTree = "<group>";
		};
		D5E4194729ADF0EC0077C16C /* View */ = {
			isa = PBXGroup;
			children = (
				D5E4194A29ADF1130077C16C /* HomeView.swift */,
				D5E4194C29ADF1670077C16C /* UberMapViewRepresentable.swift */,
				D5E4195729ADFF690077C16C /* MapViewActionButton.swift */,
			);
			path = View;
			sourceTree = "<group>";
		};
		D5E4195129ADFDA30077C16C /* Home */ = {
			isa = PBXGroup;
			children = (
				D5E4194729ADF0EC0077C16C /* View */,
				D5E4194629ADF0E70077C16C /* ViewModel */,
			);
			path = Home;
			sourceTree = "<group>";
		};
		D5E4195229ADFDBA0077C16C /* LocationSearch */ = {
			isa = PBXGroup;
			children = (
				D5E4195429ADFDC50077C16C /* ViewModel */,
				D5E4195329ADFDC10077C16C /* View */,
			);
			path = LocationSearch;
			sourceTree = "<group>";
		};
		D5E4195329ADFDC10077C16C /* View */ = {
			isa = PBXGroup;
			children = (
				D5E4195529ADFDD30077C16C /* LocationSearchActivationView.swift */,
				D5E4195929AE005B0077C16C /* LocationSearchView.swift */,
				D5E4195B29AE03210077C16C /* LocationSearchResultCell.swift */,
			);
			path = View;
			sourceTree = "<group>";
		};
		D5E4195429ADFDC50077C16C /* ViewModel */ = {
			isa = PBXGroup;
			children = (
				D59BB35B29AEED7900712C13 /* LocationSearchViewModel.swift */,
			);
			path = ViewModel;
			sourceTree = "<group>";
		};
/* End PBXGroup section */

/* Begin PBXNativeTarget section */
		D5E4192F29ADF09B0077C16C /* Uber SwiftUI App */ = {
			isa = PBXNativeTarget;
			buildConfigurationList = D5E4193E29ADF09C0077C16C /* Build configuration list for PBXNativeTarget "Uber SwiftUI App" */;
			buildPhases = (
				D5E4192C29ADF09B0077C16C /* Sources */,
				D5E4192D29ADF09B0077C16C /* Frameworks */,
				D5E4192E29ADF09B0077C16C /* Resources */,
			);
			buildRules = (
			);
			dependencies = (
			);
			name = "Uber SwiftUI App";
			productName = "Uber SwiftUI App";
			productReference = D5E4193029ADF09B0077C16C /* Uber SwiftUI App.app */;
			productType = "com.apple.product-type.application";
		};
/* End PBXNativeTarget section */

/* Begin PBXProject section */
		D5E4192829ADF09B0077C16C /* Project object */ = {
			isa = PBXProject;
			attributes = {
				BuildIndependentTargetsInParallel = 1;
				LastSwiftUpdateCheck = 1420;
				LastUpgradeCheck = 1420;
				TargetAttributes = {
					D5E4192F29ADF09B0077C16C = {
						CreatedOnToolsVersion = 14.2;
					};
				};
			};
			buildConfigurationList = D5E4192B29ADF09B0077C16C /* Build configuration list for PBXProject "Uber SwiftUI App" */;
			compatibilityVersion = "Xcode 14.0";
			developmentRegion = en;
			hasScannedForEncodings = 0;
			knownRegions = (
				en,
				Base,
			);
			mainGroup = D5E4192729ADF09B0077C16C;
			productRefGroup = D5E4193129ADF09B0077C16C /* Products */;
			projectDirPath = "";
			projectRoot = "";
			targets = (
				D5E4192F29ADF09B0077C16C /* Uber SwiftUI App */,
			);
		};
/* End PBXProject section */

/* Begin PBXResourcesBuildPhase section */
		D5E4192E29ADF09B0077C16C /* Resources */ = {
			isa = PBXResourcesBuildPhase;
			buildActionMask = 2147483647;
			files = (
				D5E4193B29ADF09C0077C16C /* Preview Assets.xcassets in Resources */,
				D5E4193829ADF09C0077C16C /* Assets.xcassets in Resources */,
			);
			runOnlyForDeploymentPostprocessing = 0;
		};
/* End PBXResourcesBuildPhase section */

/* Begin PBXSourcesBuildPhase section */
		D5E4192C29ADF09B0077C16C /* Sources */ = {
			isa = PBXSourcesBuildPhase;
			buildActionMask = 2147483647;
			files = (
				D5E4195A29AE005B0077C16C /* LocationSearchView.swift in Sources */,
				D5E4194F29ADF3430077C16C /* LocationManager.swift in Sources */,
				D5E4195829ADFF690077C16C /* MapViewActionButton.swift in Sources */,
				D5E4193429ADF09B0077C16C /* Uber_SwiftUI_AppApp.swift in Sources */,
				D5E4194D29ADF1670077C16C /* UberMapViewRepresentable.swift in Sources */,
				D5E4194B29ADF1130077C16C /* HomeView.swift in Sources */,
				D5E4195629ADFDD30077C16C /* LocationSearchActivationView.swift in Sources */,
				D5E4195C29AE03210077C16C /* LocationSearchResultCell.swift in Sources */,
				D59BB35C29AEED7900712C13 /* LocationSearchViewModel.swift in Sources */,
			);
			runOnlyForDeploymentPostprocessing = 0;
		};
/* End PBXSourcesBuildPhase section */

/* Begin XCBuildConfiguration section */
		D5E4193C29ADF09C0077C16C /* Debug */ = {
			isa = XCBuildConfiguration;
			buildSettings = {
				ALWAYS_SEARCH_USER_PATHS = NO;
				CLANG_ANALYZER_NONNULL = YES;
				CLANG_ANALYZER_NUMBER_OBJECT_CONVERSION = YES_AGGRESSIVE;
				CLANG_CXX_LANGUAGE_STANDARD = "gnu++20";
				CLANG_ENABLE_MODULES = YES;
				CLANG_ENABLE_OBJC_ARC = YES;
				CLANG_ENABLE_OBJC_WEAK = YES;
				CLANG_WARN_BLOCK_CAPTURE_AUTORELEASING = YES;
				CLANG_WARN_BOOL_CONVERSION = YES;
				CLANG_WARN_COMMA = YES;
				CLANG_WARN_CONSTANT_CONVERSION = YES;
				CLANG_WARN_DEPRECATED_OBJC_IMPLEMENTATIONS = YES;
				CLANG_WARN_DIRECT_OBJC_ISA_USAGE = YES_ERROR;
				CLANG_WARN_DOCUMENTATION_COMMENTS = YES;
				CLANG_WARN_EMPTY_BODY = YES;
				CLANG_WARN_ENUM_CONVERSION = YES;
				CLANG_WARN_INFINITE_RECURSION = YES;
				CLANG_WARN_INT_CONVERSION = YES;
				CLANG_WARN_NON_LITERAL_NULL_CONVERSION = YES;
				CLANG_WARN_OBJC_IMPLICIT_RETAIN_SELF = YES;
				CLANG_WARN_OBJC_LITERAL_CONVERSION = YES;
				CLANG_WARN_OBJC_ROOT_CLASS = YES_ERROR;
				CLANG_WARN_QUOTED_INCLUDE_IN_FRAMEWORK_HEADER = YES;
				CLANG_WARN_RANGE_LOOP_ANALYSIS = YES;
				CLANG_WARN_STRICT_PROTOTYPES = YES;
				CLANG_WARN_SUSPICIOUS_MOVE = YES;
				CLANG_WARN_UNGUARDED_AVAILABILITY = YES_AGGRESSIVE;
				CLANG_WARN_UNREACHABLE_CODE = YES;
				CLANG_WARN__DUPLICATE_METHOD_MATCH = YES;
				COPY_PHASE_STRIP = NO;
				DEBUG_INFORMATION_FORMAT = dwarf;
				ENABLE_STRICT_OBJC_MSGSEND = YES;
				ENABLE_TESTABILITY = YES;
				GCC_C_LANGUAGE_STANDARD = gnu11;
				GCC_DYNAMIC_NO_PIC = NO;
				GCC_NO_COMMON_BLOCKS = YES;
				GCC_OPTIMIZATION_LEVEL = 0;
				GCC_PREPROCESSOR_DEFINITIONS = (
					"DEBUG=1",
					"$(inherited)",
				);
				GCC_WARN_64_TO_32_BIT_CONVERSION = YES;
				GCC_WARN_ABOUT_RETURN_TYPE = YES_ERROR;
				GCC_WARN_UNDECLARED_SELECTOR = YES;
				GCC_WARN_UNINITIALIZED_AUTOS = YES_AGGRESSIVE;
				GCC_WARN_UNUSED_FUNCTION = YES;
				GCC_WARN_UNUSED_VARIABLE = YES;
				IPHONEOS_DEPLOYMENT_TARGET = 16.2;
				MTL_ENABLE_DEBUG_INFO = INCLUDE_SOURCE;
				MTL_FAST_MATH = YES;
				ONLY_ACTIVE_ARCH = YES;
				SDKROOT = iphoneos;
				SWIFT_ACTIVE_COMPILATION_CONDITIONS = DEBUG;
				SWIFT_OPTIMIZATION_LEVEL = "-Onone";
			};
			name = Debug;
		};
		D5E4193D29ADF09C0077C16C /* Release */ = {
			isa = XCBuildConfiguration;
			buildSettings = {
				ALWAYS_SEARCH_USER_PATHS = NO;
				CLANG_ANALYZER_NONNULL = YES;
				CLANG_ANALYZER_NUMBER_OBJECT_CONVERSION = YES_AGGRESSIVE;
				CLANG_CXX_LANGUAGE_STANDARD = "gnu++20";
				CLANG_ENABLE_MODULES = YES;
				CLANG_ENABLE_OBJC_ARC = YES;
				CLANG_ENABLE_OBJC_WEAK = YES;
				CLANG_WARN_BLOCK_CAPTURE_AUTORELEASING = YES;
				CLANG_WARN_BOOL_CONVERSION = YES;
				CLANG_WARN_COMMA = YES;
				CLANG_WARN_CONSTANT_CONVERSION = YES;
				CLANG_WARN_DEPRECATED_OBJC_IMPLEMENTATIONS = YES;
				CLANG_WARN_DIRECT_OBJC_ISA_USAGE = YES_ERROR;
				CLANG_WARN_DOCUMENTATION_COMMENTS = YES;
				CLANG_WARN_EMPTY_BODY = YES;
				CLANG_WARN_ENUM_CONVERSION = YES;
				CLANG_WARN_INFINITE_RECURSION = YES;
				CLANG_WARN_INT_CONVERSION = YES;
				CLANG_WARN_NON_LITERAL_NULL_CONVERSION = YES;
				CLANG_WARN_OBJC_IMPLICIT_RETAIN_SELF = YES;
				CLANG_WARN_OBJC_LITERAL_CONVERSION = YES;
				CLANG_WARN_OBJC_ROOT_CLASS = YES_ERROR;
				CLANG_WARN_QUOTED_INCLUDE_IN_FRAMEWORK_HEADER = YES;
				CLANG_WARN_RANGE_LOOP_ANALYSIS = YES;
				CLANG_WARN_STRICT_PROTOTYPES = YES;
				CLANG_WARN_SUSPICIOUS_MOVE = YES;
				CLANG_WARN_UNGUARDED_AVAILABILITY = YES_AGGRESSIVE;
				CLANG_WARN_UNREACHABLE_CODE = YES;
				CLANG_WARN__DUPLICATE_METHOD_MATCH = YES;
				COPY_PHASE_STRIP = NO;
				DEBUG_INFORMATION_FORMAT = "dwarf-with-dsym";
				ENABLE_NS_ASSERTIONS = NO;
				ENABLE_STRICT_OBJC_MSGSEND = YES;
				GCC_C_LANGUAGE_STANDARD = gnu11;
				GCC_NO_COMMON_BLOCKS = YES;
				GCC_WARN_64_TO_32_BIT_CONVERSION = YES;
				GCC_WARN_ABOUT_RETURN_TYPE = YES_ERROR;
				GCC_WARN_UNDECLARED_SELECTOR = YES;
				GCC_WARN_UNINITIALIZED_AUTOS = YES_AGGRESSIVE;
				GCC_WARN_UNUSED_FUNCTION = YES;
				GCC_WARN_UNUSED_VARIABLE = YES;
				IPHONEOS_DEPLOYMENT_TARGET = 16.2;
				MTL_ENABLE_DEBUG_INFO = NO;
				MTL_FAST_MATH = YES;
				SDKROOT = iphoneos;
				SWIFT_COMPILATION_MODE = wholemodule;
				SWIFT_OPTIMIZATION_LEVEL = "-O";
				VALIDATE_PRODUCT = YES;
			};
			name = Release;
		};
		D5E4193F29ADF09C0077C16C /* Debug */ = {
			isa = XCBuildConfiguration;
			buildSettings = {
				ASSETCATALOG_COMPILER_APPICON_NAME = AppIcon;
				ASSETCATALOG_COMPILER_GLOBAL_ACCENT_COLOR_NAME = AccentColor;
				CODE_SIGN_STYLE = Automatic;
				CURRENT_PROJECT_VERSION = 1;
				DEVELOPMENT_ASSET_PATHS = "\"Uber SwiftUI App/Preview Content\"";
				DEVELOPMENT_TEAM = 65GSHJ8762;
				ENABLE_PREVIEWS = YES;
				GENERATE_INFOPLIST_FILE = YES;
				INFOPLIST_FILE = "Uber-SwiftUI-App-Info.plist";
				INFOPLIST_KEY_NSLocationWhenInUseUsageDescription = "Please allow this app to locate your location";
				INFOPLIST_KEY_UIApplicationSceneManifest_Generation = YES;
				INFOPLIST_KEY_UIApplicationSupportsIndirectInputEvents = YES;
				INFOPLIST_KEY_UILaunchScreen_Generation = YES;
				INFOPLIST_KEY_UISupportedInterfaceOrientations_iPad = "UIInterfaceOrientationPortrait UIInterfaceOrientationPortraitUpsideDown UIInterfaceOrientationLandscapeLeft UIInterfaceOrientationLandscapeRight";
				INFOPLIST_KEY_UISupportedInterfaceOrientations_iPhone = "UIInterfaceOrientationPortrait UIInterfaceOrientationLandscapeLeft UIInterfaceOrientationLandscapeRight";
				LD_RUNPATH_SEARCH_PATHS = (
					"$(inherited)",
					"@executable_path/Frameworks",
				);
				MARKETING_VERSION = 1.0;
				PRODUCT_BUNDLE_IDENTIFIER = "agni.Uber-SwiftUI-App";
				PRODUCT_NAME = "$(TARGET_NAME)";
				SWIFT_EMIT_LOC_STRINGS = YES;
				SWIFT_VERSION = 5.0;
				TARGETED_DEVICE_FAMILY = "1,2";
			};
			name = Debug;
		};
		D5E4194029ADF09C0077C16C /* Release */ = {
			isa = XCBuildConfiguration;
			buildSettings = {
				ASSETCATALOG_COMPILER_APPICON_NAME = AppIcon;
				ASSETCATALOG_COMPILER_GLOBAL_ACCENT_COLOR_NAME = AccentColor;
				CODE_SIGN_STYLE = Automatic;
				CURRENT_PROJECT_VERSION = 1;
				DEVELOPMENT_ASSET_PATHS = "\"Uber SwiftUI App/Preview Content\"";
				DEVELOPMENT_TEAM = 65GSHJ8762;
				ENABLE_PREVIEWS = YES;
				GENERATE_INFOPLIST_FILE = YES;
				INFOPLIST_FILE = "Uber-SwiftUI-App-Info.plist";
				INFOPLIST_KEY_NSLocationWhenInUseUsageDescription = "Please allow this app to locate your location";
				INFOPLIST_KEY_UIApplicationSceneManifest_Generation = YES;
				INFOPLIST_KEY_UIApplicationSupportsIndirectInputEvents = YES;
				INFOPLIST_KEY_UILaunchScreen_Generation = YES;
				INFOPLIST_KEY_UISupportedInterfaceOrientations_iPad = "UIInterfaceOrientationPortrait UIInterfaceOrientationPortraitUpsideDown UIInterfaceOrientationLandscapeLeft UIInterfaceOrientationLandscapeRight";
				INFOPLIST_KEY_UISupportedInterfaceOrientations_iPhone = "UIInterfaceOrientationPortrait UIInterfaceOrientationLandscapeLeft UIInterfaceOrientationLandscapeRight";
				LD_RUNPATH_SEARCH_PATHS = (
					"$(inherited)",
					"@executable_path/Frameworks",
				);
				MARKETING_VERSION = 1.0;
				PRODUCT_BUNDLE_IDENTIFIER = "agni.Uber-SwiftUI-App";
				PRODUCT_NAME = "$(TARGET_NAME)";
				SWIFT_EMIT_LOC_STRINGS = YES;
				SWIFT_VERSION = 5.0;
				TARGETED_DEVICE_FAMILY = "1,2";
			};
			name = Release;
		};
/* End XCBuildConfiguration section */

/* Begin XCConfigurationList section */
		D5E4192B29ADF09B0077C16C /* Build configuration list for PBXProject "Uber SwiftUI App" */ = {
			isa = XCConfigurationList;
			buildConfigurations = (
				D5E4193C29ADF09C0077C16C /* Debug */,
				D5E4193D29ADF09C0077C16C /* Release */,
			);
			defaultConfigurationIsVisible = 0;
			defaultConfigurationName = Release;
		};
		D5E4193E29ADF09C0077C16C /* Build configuration list for PBXNativeTarget "Uber SwiftUI App" */ = {
			isa = XCConfigurationList;
			buildConfigurations = (
				D5E4193F29ADF09C0077C16C /* Debug */,
				D5E4194029ADF09C0077C16C /* Release */,
			);
			defaultConfigurationIsVisible = 0;
			defaultConfigurationName = Release;
		};
/* End XCConfigurationList section */
	};
	rootObject = D5E4192829ADF09B0077C16C /* Project object */;
}
